
Microsoft Visual Studio Solution File, Format Version 12.00
# Visual Studio Version 16
VisualStudioVersion = 16.0.31624.102
MinimumVisualStudioVersion = 10.0.40219.1
Project("{FAE04EC0-301F-11D3-BF4B-00C04F79EFBC}") = "operadorLogicoE", "operadorLogicoE\operadorLogicoE.csproj", "{CBCC90E2-B2FB-4DE6-AAE5-D49441DAAA3E}"
EndProject
Global
	GlobalSection(SolutionConfigurationPlatforms) = preSolution
		Debug|Any CPU = Debug|Any CPU
		Release|Any CPU = Release|Any CPU
	EndGlobalSection
	GlobalSection(ProjectConfigurationPlatforms) = postSolution
		{CBCC90E2-B2FB-4DE6-AAE5-D49441DAAA3E}.Debug|Any CPU.ActiveCfg = Debug|Any CPU
		{CBCC90E2-B2FB-4DE6-AAE5-D49441DAAA3E}.Debug|Any CPU.Build.0 = Debug|Any CPU
		{CBCC90E2-B2FB-4DE6-AAE5-D49441DAAA3E}.Release|Any CPU.ActiveCfg = Release|Any CPU
		{CBCC90E2-B2FB-4DE6-AAE5-D49441DAAA3E}.Release|Any CPU.Build.0 = Release|Any CPU
	EndGlobalSection
	GlobalSection(SolutionProperties) = preSolution
		HideSolutionNode = FALSE
	EndGlobalSection
	GlobalSection(ExtensibilityGlobals) = postSolution
		SolutionGuid = {1AD49BDA-ADA1-446A-BAF7-BE4C75C38608}
	EndGlobalSection
EndGlobal
